
Microsoft Visual Studio Solution File, Format Version 12.00
# Visual Studio 15
VisualStudioVersion = 15.0.27428.2027
MinimumVisualStudioVersion = 10.0.40219.1
Project("{00D1A9C2-B5F0-4AF3-8072-F6C62B433612}") = "DemoVuelingDba", "DemoVuelingDba\DemoVuelingDba.sqlproj", "{835E4369-F160-4F2A-A25D-017D663DA477}"
EndProject
Global
	GlobalSection(SolutionConfigurationPlatforms) = preSolution
		Debug|Any CPU = Debug|Any CPU
		Release|Any CPU = Release|Any CPU
	EndGlobalSection
	GlobalSection(ProjectConfigurationPlatforms) = postSolution
		{835E4369-F160-4F2A-A25D-017D663DA477}.Debug|Any CPU.ActiveCfg = Debug|Any CPU
		{835E4369-F160-4F2A-A25D-017D663DA477}.Debug|Any CPU.Build.0 = Debug|Any CPU
		{835E4369-F160-4F2A-A25D-017D663DA477}.Debug|Any CPU.Deploy.0 = Debug|Any CPU
		{835E4369-F160-4F2A-A25D-017D663DA477}.Release|Any CPU.ActiveCfg = Release|Any CPU
		{835E4369-F160-4F2A-A25D-017D663DA477}.Release|Any CPU.Build.0 = Release|Any CPU
		{835E4369-F160-4F2A-A25D-017D663DA477}.Release|Any CPU.Deploy.0 = Release|Any CPU
	EndGlobalSection
	GlobalSection(SolutionProperties) = preSolution
		HideSolutionNode = FALSE
	EndGlobalSection
	GlobalSection(ExtensibilityGlobals) = postSolution
		SolutionGuid = {B124C2C2-BF2C-411E-B8C7-170E6E07FA77}
	EndGlobalSection
EndGlobal
